// !$*UTF8*$!
{
	archiveVersion = 1;
	classes = {
	};
	objectVersion = 50;
	objects = {

/* Begin PBXBuildFile section */
		9740084B236E2E9800580325 /* AppDelegate.swift in Sources */ = {isa = PBXBuildFile; fileRef = 9740084A236E2E9800580325 /* AppDelegate.swift */; };
		9740084D236E2E9800580325 /* SceneDelegate.swift in Sources */ = {isa = PBXBuildFile; fileRef = 9740084C236E2E9800580325 /* SceneDelegate.swift */; };
		9740084F236E2E9800580325 /* ViewController.swift in Sources */ = {isa = PBXBuildFile; fileRef = 9740084E236E2E9800580325 /* ViewController.swift */; };
		97400852236E2E9800580325 /* Main.storyboard in Resources */ = {isa = PBXBuildFile; fileRef = 97400850236E2E9800580325 /* Main.storyboard */; };
		97400855236E2E9800580325 /* PartyQueue.xcdatamodeld in Sources */ = {isa = PBXBuildFile; fileRef = 97400853236E2E9800580325 /* PartyQueue.xcdatamodeld */; };
		97400857236E2E9900580325 /* Assets.xcassets in Resources */ = {isa = PBXBuildFile; fileRef = 97400856236E2E9900580325 /* Assets.xcassets */; };
		9740085A236E2E9900580325 /* LaunchScreen.storyboard in Resources */ = {isa = PBXBuildFile; fileRef = 97400858236E2E9900580325 /* LaunchScreen.storyboard */; };
		97400865236E2E9900580325 /* PartyQueueTests.swift in Sources */ = {isa = PBXBuildFile; fileRef = 97400864236E2E9900580325 /* PartyQueueTests.swift */; };
/* End PBXBuildFile section */

/* Begin PBXContainerItemProxy section */
		97400861236E2E9900580325 /* PBXContainerItemProxy */ = {
			isa = PBXContainerItemProxy;
			containerPortal = 9740083F236E2E9800580325 /* Project object */;
			proxyType = 1;
			remoteGlobalIDString = 97400846236E2E9800580325;
			remoteInfo = PartyQueue;
		};
/* End PBXContainerItemProxy section */

/* Begin PBXFileReference section */
		97400847236E2E9800580325 /* PartyQueue.app */ = {isa = PBXFileReference; explicitFileType = wrapper.application; includeInIndex = 0; path = PartyQueue.app; sourceTree = BUILT_PRODUCTS_DIR; };
		9740084A236E2E9800580325 /* AppDelegate.swift */ = {isa = PBXFileReference; lastKnownFileType = sourcecode.swift; path = AppDelegate.swift; sourceTree = "<group>"; };
		9740084C236E2E9800580325 /* SceneDelegate.swift */ = {isa = PBXFileReference; lastKnownFileType = sourcecode.swift; path = SceneDelegate.swift; sourceTree = "<group>"; };
		9740084E236E2E9800580325 /* ViewController.swift */ = {isa = PBXFileReference; lastKnownFileType = sourcecode.swift; path = ViewController.swift; sourceTree = "<group>"; };
		97400851236E2E9800580325 /* Base */ = {isa = PBXFileReference; lastKnownFileType = file.storyboard; name = Base; path = Base.lproj/Main.storyboard; sourceTree = "<group>"; };
		97400854236E2E9800580325 /* PartyQueue.xcdatamodel */ = {isa = PBXFileReference; lastKnownFileType = wrapper.xcdatamodel; path = PartyQueue.xcdatamodel; sourceTree = "<group>"; };
		97400856236E2E9900580325 /* Assets.xcassets */ = {isa = PBXFileReference; lastKnownFileType = folder.assetcatalog; path = Assets.xcassets; sourceTree = "<group>"; };
		97400859236E2E9900580325 /* Base */ = {isa = PBXFileReference; lastKnownFileType = file.storyboard; name = Base; path = Base.lproj/LaunchScreen.storyboard; sourceTree = "<group>"; };
		9740085B236E2E9900580325 /* Info.plist */ = {isa = PBXFileReference; lastKnownFileType = text.plist.xml; path = Info.plist; sourceTree = "<group>"; };
		97400860236E2E9900580325 /* PartyQueueTests.xctest */ = {isa = PBXFileReference; explicitFileType = wrapper.cfbundle; includeInIndex = 0; path = PartyQueueTests.xctest; sourceTree = BUILT_PRODUCTS_DIR; };
		97400864236E2E9900580325 /* PartyQueueTests.swift */ = {isa = PBXFileReference; lastKnownFileType = sourcecode.swift; path = PartyQueueTests.swift; sourceTree = "<group>"; };
		97400866236E2E9900580325 /* Info.plist */ = {isa = PBXFileReference; lastKnownFileType = text.plist.xml; path = Info.plist; sourceTree = "<group>"; };
/* End PBXFileReference section */

/* Begin PBXFrameworksBuildPhase section */
		97400844236E2E9800580325 /* Frameworks */ = {
			isa = PBXFrameworksBuildPhase;
			buildActionMask = 2147483647;
			files = (
			);
			runOnlyForDeploymentPostprocessing = 0;
		};
		9740085D236E2E9900580325 /* Frameworks */ = {
			isa = PBXFrameworksBuildPhase;
			buildActionMask = 2147483647;
			files = (
			);
			runOnlyForDeploymentPostprocessing = 0;
		};
/* End PBXFrameworksBuildPhase section */

/* Begin PBXGroup section */
		9740083E236E2E9800580325 = {
			isa = PBXGroup;
			children = (
				97400849236E2E9800580325 /* PartyQueue */,
				97400863236E2E9900580325 /* PartyQueueTests */,
				97400848236E2E9800580325 /* Products */,
			);
			sourceTree = "<group>";
		};
		97400848236E2E9800580325 /* Products */ = {
			isa = PBXGroup;
			children = (
				97400847236E2E9800580325 /* PartyQueue.app */,
				97400860236E2E9900580325 /* PartyQueueTests.xctest */,
			);
			name = Products;
			sourceTree = "<group>";
		};
		97400849236E2E9800580325 /* PartyQueue */ = {
			isa = PBXGroup;
			children = (
				9740084A236E2E9800580325 /* AppDelegate.swift */,
				9740084C236E2E9800580325 /* SceneDelegate.swift */,
				9740084E236E2E9800580325 /* ViewController.swift */,
				97400850236E2E9800580325 /* Main.storyboard */,
				97400856236E2E9900580325 /* Assets.xcassets */,
				97400858236E2E9900580325 /* LaunchScreen.storyboard */,
				9740085B236E2E9900580325 /* Info.plist */,
				97400853236E2E9800580325 /* PartyQueue.xcdatamodeld */,
			);
			path = PartyQueue;
			sourceTree = "<group>";
		};
		97400863236E2E9900580325 /* PartyQueueTests */ = {
			isa = PBXGroup;
			children = (
				97400864236E2E9900580325 /* PartyQueueTests.swift */,
				97400866236E2E9900580325 /* Info.plist */,
			);
			path = PartyQueueTests;
			sourceTree = "<group>";
		};
/* End PBXGroup section */

/* Begin PBXNativeTarget section */
		97400846236E2E9800580325 /* PartyQueue */ = {
			isa = PBXNativeTarget;
			buildConfigurationList = 97400869236E2E9900580325 /* Build configuration list for PBXNativeTarget "PartyQueue" */;
			buildPhases = (
				97400843236E2E9800580325 /* Sources */,
				97400844236E2E9800580325 /* Frameworks */,
				97400845236E2E9800580325 /* Resources */,
			);
			buildRules = (
			);
			dependencies = (
			);
			name = PartyQueue;
			productName = PartyQueue;
			productReference = 97400847236E2E9800580325 /* PartyQueue.app */;
			productType = "com.apple.product-type.application";
		};
		9740085F236E2E9900580325 /* PartyQueueTests */ = {
			isa = PBXNativeTarget;
			buildConfigurationList = 9740086C236E2E9900580325 /* Build configuration list for PBXNativeTarget "PartyQueueTests" */;
			buildPhases = (
				9740085C236E2E9900580325 /* Sources */,
				9740085D236E2E9900580325 /* Frameworks */,
				9740085E236E2E9900580325 /* Resources */,
			);
			buildRules = (
			);
			dependencies = (
				97400862236E2E9900580325 /* PBXTargetDependency */,
			);
			name = PartyQueueTests;
			productName = PartyQueueTests;
			productReference = 97400860236E2E9900580325 /* PartyQueueTests.xctest */;
			productType = "com.apple.product-type.bundle.unit-test";
		};
/* End PBXNativeTarget section */

/* Begin PBXProject section */
		9740083F236E2E9800580325 /* Project object */ = {
			isa = PBXProject;
			attributes = {
				LastSwiftUpdateCheck = 1100;
				LastUpgradeCheck = 1100;
				ORGANIZATIONNAME = NotMoniApps;
				TargetAttributes = {
					97400846236E2E9800580325 = {
						CreatedOnToolsVersion = 11.0;
					};
					9740085F236E2E9900580325 = {
						CreatedOnToolsVersion = 11.0;
						TestTargetID = 97400846236E2E9800580325;
					};
				};
			};
			buildConfigurationList = 97400842236E2E9800580325 /* Build configuration list for PBXProject "PartyQueue" */;
			compatibilityVersion = "Xcode 9.3";
			developmentRegion = en;
			hasScannedForEncodings = 0;
			knownRegions = (
				en,
				Base,
			);
			mainGroup = 9740083E236E2E9800580325;
			productRefGroup = 97400848236E2E9800580325 /* Products */;
			projectDirPath = "";
			projectRoot = "";
			targets = (
				97400846236E2E9800580325 /* PartyQueue */,
				9740085F236E2E9900580325 /* PartyQueueTests */,
			);
		};
/* End PBXProject section */

/* Begin PBXResourcesBuildPhase section */
		97400845236E2E9800580325 /* Resources */ = {
			isa = PBXResourcesBuildPhase;
			buildActionMask = 2147483647;
			files = (
				9740085A236E2E9900580325 /* LaunchScreen.storyboard in Resources */,
				97400857236E2E9900580325 /* Assets.xcassets in Resources */,
				97400852236E2E9800580325 /* Main.storyboard in Resources */,
			);
			runOnlyForDeploymentPostprocessing = 0;
		};
		9740085E236E2E9900580325 /* Resources */ = {
			isa = PBXResourcesBuildPhase;
			buildActionMask = 2147483647;
			files = (
			);
			runOnlyForDeploymentPostprocessing = 0;
		};
/* End PBXResourcesBuildPhase section */

/* Begin PBXSourcesBuildPhase section */
		97400843236E2E9800580325 /* Sources */ = {
			isa = PBXSourcesBuildPhase;
			buildActionMask = 2147483647;
			files = (
				97400855236E2E9800580325 /* PartyQueue.xcdatamodeld in Sources */,
				9740084F236E2E9800580325 /* ViewController.swift in Sources */,
				9740084B236E2E9800580325 /* AppDelegate.swift in Sources */,
				9740084D236E2E9800580325 /* SceneDelegate.swift in Sources */,
			);
			runOnlyForDeploymentPostprocessing = 0;
		};
		9740085C236E2E9900580325 /* Sources */ = {
			isa = PBXSourcesBuildPhase;
			buildActionMask = 2147483647;
			files = (
				97400865236E2E9900580325 /* PartyQueueTests.swift in Sources */,
			);
			runOnlyForDeploymentPostprocessing = 0;
		};
/* End PBXSourcesBuildPhase section */

/* Begin PBXTargetDependency section */
		97400862236E2E9900580325 /* PBXTargetDependency */ = {
			isa = PBXTargetDependency;
			target = 97400846236E2E9800580325 /* PartyQueue */;
			targetProxy = 97400861236E2E9900580325 /* PBXContainerItemProxy */;
		};
/* End PBXTargetDependency section */

/* Begin PBXVariantGroup section */
		97400850236E2E9800580325 /* Main.storyboard */ = {
			isa = PBXVariantGroup;
			children = (
				97400851236E2E9800580325 /* Base */,
			);
			name = Main.storyboard;
			sourceTree = "<group>";
		};
		97400858236E2E9900580325 /* LaunchScreen.storyboard */ = {
			isa = PBXVariantGroup;
			children = (
				97400859236E2E9900580325 /* Base */,
			);
			name = LaunchScreen.storyboard;
			sourceTree = "<group>";
		};
/* End PBXVariantGroup section */

/* Begin XCBuildConfiguration section */
		97400867236E2E9900580325 /* Debug */ = {
			isa = XCBuildConfiguration;
			buildSettings = {
				ALWAYS_SEARCH_USER_PATHS = NO;
				CLANG_ANALYZER_NONNULL = YES;
				CLANG_ANALYZER_NUMBER_OBJECT_CONVERSION = YES_AGGRESSIVE;
				CLANG_CXX_LANGUAGE_STANDARD = "gnu++14";
				CLANG_CXX_LIBRARY = "libc++";
				CLANG_ENABLE_MODULES = YES;
				CLANG_ENABLE_OBJC_ARC = YES;
				CLANG_ENABLE_OBJC_WEAK = YES;
				CLANG_WARN_BLOCK_CAPTURE_AUTORELEASING = YES;
				CLANG_WARN_BOOL_CONVERSION = YES;
				CLANG_WARN_COMMA = YES;
				CLANG_WARN_CONSTANT_CONVERSION = YES;
				CLANG_WARN_DEPRECATED_OBJC_IMPLEMENTATIONS = YES;
				CLANG_WARN_DIRECT_OBJC_ISA_USAGE = YES_ERROR;
				CLANG_WARN_DOCUMENTATION_COMMENTS = YES;
				CLANG_WARN_EMPTY_BODY = YES;
				CLANG_WARN_ENUM_CONVERSION = YES;
				CLANG_WARN_INFINITE_RECURSION = YES;
				CLANG_WARN_INT_CONVERSION = YES;
				CLANG_WARN_NON_LITERAL_NULL_CONVERSION = YES;
				CLANG_WARN_OBJC_IMPLICIT_RETAIN_SELF = YES;
				CLANG_WARN_OBJC_LITERAL_CONVERSION = YES;
				CLANG_WARN_OBJC_ROOT_CLASS = YES_ERROR;
				CLANG_WARN_RANGE_LOOP_ANALYSIS = YES;
				CLANG_WARN_STRICT_PROTOTYPES = YES;
				CLANG_WARN_SUSPICIOUS_MOVE = YES;
				CLANG_WARN_UNGUARDED_AVAILABILITY = YES_AGGRESSIVE;
				CLANG_WARN_UNREACHABLE_CODE = YES;
				CLANG_WARN__DUPLICATE_METHOD_MATCH = YES;
				COPY_PHASE_STRIP = NO;
				DEBUG_INFORMATION_FORMAT = dwarf;
				ENABLE_STRICT_OBJC_MSGSEND = YES;
				ENABLE_TESTABILITY = YES;
				GCC_C_LANGUAGE_STANDARD = gnu11;
				GCC_DYNAMIC_NO_PIC = NO;
				GCC_NO_COMMON_BLOCKS = YES;
				GCC_OPTIMIZATION_LEVEL = 0;
				GCC_PREPROCESSOR_DEFINITIONS = (
					"DEBUG=1",
					"$(inherited)",
				);
				GCC_WARN_64_TO_32_BIT_CONVERSION = YES;
				GCC_WARN_ABOUT_RETURN_TYPE = YES_ERROR;
				GCC_WARN_UNDECLARED_SELECTOR = YES;
				GCC_WARN_UNINITIALIZED_AUTOS = YES_AGGRESSIVE;
				GCC_WARN_UNUSED_FUNCTION = YES;
				GCC_WARN_UNUSED_VARIABLE = YES;
				IPHONEOS_DEPLOYMENT_TARGET = 13.0;
				MTL_ENABLE_DEBUG_INFO = INCLUDE_SOURCE;
				MTL_FAST_MATH = YES;
				ONLY_ACTIVE_ARCH = YES;
				SDKROOT = iphoneos;
				SWIFT_ACTIVE_COMPILATION_CONDITIONS = DEBUG;
				SWIFT_OPTIMIZATION_LEVEL = "-Onone";
			};
			name = Debug;
		};
		97400868236E2E9900580325 /* Release */ = {
			isa = XCBuildConfiguration;
			buildSettings = {
				ALWAYS_SEARCH_USER_PATHS = NO;
				CLANG_ANALYZER_NONNULL = YES;
				CLANG_ANALYZER_NUMBER_OBJECT_CONVERSION = YES_AGGRESSIVE;
				CLANG_CXX_LANGUAGE_STANDARD = "gnu++14";
				CLANG_CXX_LIBRARY = "libc++";
				CLANG_ENABLE_MODULES = YES;
				CLANG_ENABLE_OBJC_ARC = YES;
				CLANG_ENABLE_OBJC_WEAK = YES;
				CLANG_WARN_BLOCK_CAPTURE_AUTORELEASING = YES;
				CLANG_WARN_BOOL_CONVERSION = YES;
				CLANG_WARN_COMMA = YES;
				CLANG_WARN_CONSTANT_CONVERSION = YES;
				CLANG_WARN_DEPRECATED_OBJC_IMPLEMENTATIONS = YES;
				CLANG_WARN_DIRECT_OBJC_ISA_USAGE = YES_ERROR;
				CLANG_WARN_DOCUMENTATION_COMMENTS = YES;
				CLANG_WARN_EMPTY_BODY = YES;
				CLANG_WARN_ENUM_CONVERSION = YES;
				CLANG_WARN_INFINITE_RECURSION = YES;
				CLANG_WARN_INT_CONVERSION = YES;
				CLANG_WARN_NON_LITERAL_NULL_CONVERSION = YES;
				CLANG_WARN_OBJC_IMPLICIT_RETAIN_SELF = YES;
				CLANG_WARN_OBJC_LITERAL_CONVERSION = YES;
				CLANG_WARN_OBJC_ROOT_CLASS = YES_ERROR;
				CLANG_WARN_RANGE_LOOP_ANALYSIS = YES;
				CLANG_WARN_STRICT_PROTOTYPES = YES;
				CLANG_WARN_SUSPICIOUS_MOVE = YES;
				CLANG_WARN_UNGUARDED_AVAILABILITY = YES_AGGRESSIVE;
				CLANG_WARN_UNREACHABLE_CODE = YES;
				CLANG_WARN__DUPLICATE_METHOD_MATCH = YES;
				COPY_PHASE_STRIP = NO;
				DEBUG_INFORMATION_FORMAT = "dwarf-with-dsym";
				ENABLE_NS_ASSERTIONS = NO;
				ENABLE_STRICT_OBJC_MSGSEND = YES;
				GCC_C_LANGUAGE_STANDARD = gnu11;
				GCC_NO_COMMON_BLOCKS = YES;
				GCC_WARN_64_TO_32_BIT_CONVERSION = YES;
				GCC_WARN_ABOUT_RETURN_TYPE = YES_ERROR;
				GCC_WARN_UNDECLARED_SELECTOR = YES;
				GCC_WARN_UNINITIALIZED_AUTOS = YES_AGGRESSIVE;
				GCC_WARN_UNUSED_FUNCTION = YES;
				GCC_WARN_UNUSED_VARIABLE = YES;
				IPHONEOS_DEPLOYMENT_TARGET = 13.0;
				MTL_ENABLE_DEBUG_INFO = NO;
				MTL_FAST_MATH = YES;
				SDKROOT = iphoneos;
				SWIFT_COMPILATION_MODE = wholemodule;
				SWIFT_OPTIMIZATION_LEVEL = "-O";
				VALIDATE_PRODUCT = YES;
			};
			name = Release;
		};
		9740086A236E2E9900580325 /* Debug */ = {
			isa = XCBuildConfiguration;
			buildSettings = {
				ASSETCATALOG_COMPILER_APPICON_NAME = AppIcon;
				CODE_SIGN_STYLE = Automatic;
				DEVELOPMENT_TEAM = 4DHQU43U3E;
				INFOPLIST_FILE = PartyQueue/Info.plist;
				LD_RUNPATH_SEARCH_PATHS = (
					"$(inherited)",
					"@executable_path/Frameworks",
				);
				PRODUCT_BUNDLE_IDENTIFIER = com.notmoniapps.PartyQueue;
				PRODUCT_NAME = "$(TARGET_NAME)";
				SWIFT_VERSION = 5.0;
				TARGETED_DEVICE_FAMILY = "1,2";
			};
			name = Debug;
		};
		9740086B236E2E9900580325 /* Release */ = {
			isa = XCBuildConfiguration;
			buildSettings = {
				ASSETCATALOG_COMPILER_APPICON_NAME = AppIcon;
				CODE_SIGN_STYLE = Automatic;
				DEVELOPMENT_TEAM = 4DHQU43U3E;
				INFOPLIST_FILE = PartyQueue/Info.plist;
				LD_RUNPATH_SEARCH_PATHS = (
					"$(inherited)",
					"@executable_path/Frameworks",
				);
				PRODUCT_BUNDLE_IDENTIFIER = com.notmoniapps.PartyQueue;
				PRODUCT_NAME = "$(TARGET_NAME)";
				SWIFT_VERSION = 5.0;
				TARGETED_DEVICE_FAMILY = "1,2";
			};
			name = Release;
		};
		9740086D236E2E9900580325 /* Debug */ = {
			isa = XCBuildConfiguration;
			buildSettings = {
				ALWAYS_EMBED_SWIFT_STANDARD_LIBRARIES = YES;
				BUNDLE_LOADER = "$(TEST_HOST)";
				CODE_SIGN_STYLE = Automatic;
				DEVELOPMENT_TEAM = 4DHQU43U3E;
				INFOPLIST_FILE = PartyQueueTests/Info.plist;
				IPHONEOS_DEPLOYMENT_TARGET = 13.0;
				LD_RUNPATH_SEARCH_PATHS = (
					"$(inherited)",
					"@executable_path/Frameworks",
					"@loader_path/Frameworks",
				);
				PRODUCT_BUNDLE_IDENTIFIER = com.notmoniapps.PartyQueueTests;
				PRODUCT_NAME = "$(TARGET_NAME)";
				SWIFT_VERSION = 5.0;
				TARGETED_DEVICE_FAMILY = "1,2";
				TEST_HOST = "$(BUILT_PRODUCTS_DIR)/PartyQueue.app/PartyQueue";
			};
			name = Debug;
		};
		9740086E236E2E9900580325 /* Release */ = {
			isa = XCBuildConfiguration;
			buildSettings = {
				ALWAYS_EMBED_SWIFT_STANDARD_LIBRARIES = YES;
				BUNDLE_LOADER = "$(TEST_HOST)";
				CODE_SIGN_STYLE = Automatic;
				DEVELOPMENT_TEAM = 4DHQU43U3E;
				INFOPLIST_FILE = PartyQueueTests/Info.plist;
				IPHONEOS_DEPLOYMENT_TARGET = 13.0;
				LD_RUNPATH_SEARCH_PATHS = (
					"$(inherited)",
					"@executable_path/Frameworks",
					"@loader_path/Frameworks",
				);
				PRODUCT_BUNDLE_IDENTIFIER = com.notmoniapps.PartyQueueTests;
				PRODUCT_NAME = "$(TARGET_NAME)";
				SWIFT_VERSION = 5.0;
				TARGETED_DEVICE_FAMILY = "1,2";
				TEST_HOST = "$(BUILT_PRODUCTS_DIR)/PartyQueue.app/PartyQueue";
			};
			name = Release;
		};
/* End XCBuildConfiguration section */

/* Begin XCConfigurationList section */
		97400842236E2E9800580325 /* Build configuration list for PBXProject "PartyQueue" */ = {
			isa = XCConfigurationList;
			buildConfigurations = (
				97400867236E2E9900580325 /* Debug */,
				97400868236E2E9900580325 /* Release */,
			);
			defaultConfigurationIsVisible = 0;
			defaultConfigurationName = Release;
		};
		97400869236E2E9900580325 /* Build configuration list for PBXNativeTarget "PartyQueue" */ = {
			isa = XCConfigurationList;
			buildConfigurations = (
				9740086A236E2E9900580325 /* Debug */,
				9740086B236E2E9900580325 /* Release */,
			);
			defaultConfigurationIsVisible = 0;
			defaultConfigurationName = Release;
		};
		9740086C236E2E9900580325 /* Build configuration list for PBXNativeTarget "PartyQueueTests" */ = {
			isa = XCConfigurationList;
			buildConfigurations = (
				9740086D236E2E9900580325 /* Debug */,
				9740086E236E2E9900580325 /* Release */,
			);
			defaultConfigurationIsVisible = 0;
			defaultConfigurationName = Release;
		};
/* End XCConfigurationList section */

/* Begin XCVersionGroup section */
		97400853236E2E9800580325 /* PartyQueue.xcdatamodeld */ = {
			isa = XCVersionGroup;
			children = (
				97400854236E2E9800580325 /* PartyQueue.xcdatamodel */,
			);
			currentVersion = 97400854236E2E9800580325 /* PartyQueue.xcdatamodel */;
			path = PartyQueue.xcdatamodeld;
			sourceTree = "<group>";
			versionGroupType = wrapper.xcdatamodel;
		};
/* End XCVersionGroup section */
	};
	rootObject = 9740083F236E2E9800580325 /* Project object */;
}
